// !$*UTF8*$!
{
	archiveVersion = 1;
	classes = {
	};
	objectVersion = 56;
	objects = {

/* Begin PBXBuildFile section */
		A10000000000000000000001 /* ParallaxTrackApp.swift in Sources */ = {isa = PBXBuildFile; fileRef = B10000000000000000000001 /* ParallaxTrackApp.swift */; };
		A10000000000000000000002 /* TrackView.swift in Sources */ = {isa = PBXBuildFile; fileRef = B10000000000000000000002 /* TrackView.swift */; };
		A10000000000000000000003 /* TrackerSession.swift in Sources */ = {isa = PBXBuildFile; fileRef = B10000000000000000000003 /* TrackerSession.swift */; };
		A10000000000000000000004 /* Packet.swift in Sources */ = {isa = PBXBuildFile; fileRef = B10000000000000000000004 /* Packet.swift */; };
		A10000000000000000000005 /* ARKit.framework in Frameworks */ = {isa = PBXBuildFile; fileRef = B10000000000000000000005 /* ARKit.framework */; };
		A10000000000000000000006 /* SceneKit.framework in Frameworks */ = {isa = PBXBuildFile; fileRef = B10000000000000000000006 /* SceneKit.framework */; };
/* End PBXBuildFile section */

/* Begin PBXFileReference section */
		B10000000000000000000001 /* ParallaxTrackApp.swift */ = {isa = PBXFileReference; lastKnownFileType = sourcecode.swift; path = ParallaxTrackApp.swift; sourceTree = "<group>"; };
		B10000000000000000000002 /* TrackView.swift */ = {isa = PBXFileReference; lastKnownFileType = sourcecode.swift; path = TrackView.swift; sourceTree = "<group>"; };
		B10000000000000000000003 /* TrackerSession.swift */ = {isa = PBXFileReference; lastKnownFileType = sourcecode.swift; path = TrackerSession.swift; sourceTree = "<group>"; };
		B10000000000000000000004 /* Packet.swift */ = {isa = PBXFileReference; lastKnownFileType = sourcecode.swift; path = Packet.swift; sourceTree = "<group>"; };
		B10000000000000000000005 /* ARKit.framework */ = {isa = PBXFileReference; lastKnownFileType = wrapper.framework; name = ARKit.framework; path = System/Library/Frameworks/ARKit.framework; sourceTree = SDKROOT; };
		B10000000000000000000006 /* SceneKit.framework */ = {isa = PBXFileReference; lastKnownFileType = wrapper.framework; name = SceneKit.framework; path = System/Library/Frameworks/SceneKit.framework; sourceTree = SDKROOT; };
		B10000000000000000000007 /* Info.plist */ = {isa = PBXFileReference; lastKnownFileType = text.plist.xml; path = Info.plist; sourceTree = "<group>"; };
		B10000000000000000000008 /* ParallaxTrack.entitlements */ = {isa = PBXFileReference; lastKnownFileType = text.plist.entitlements; path = ParallaxTrack.entitlements; sourceTree = "<group>"; };
		B10000000000000000000009 /* ParallaxTrack.app */ = {isa = PBXFileReference; explicitFileType = wrapper.application; includeInIndex = 0; path = ParallaxTrack.app; sourceTree = BUILT_PRODUCTS_DIR; };
/* End PBXFileReference section */

/* Begin PBXFrameworksBuildPhase section */
		C10000000000000000000001 /* Frameworks */ = {
			isa = PBXFrameworksBuildPhase;
			buildActionMask = 2147483647;
			files = (
				A10000000000000000000005 /* ARKit.framework in Frameworks */,
				A10000000000000000000006 /* SceneKit.framework in Frameworks */,
			);
			runOnlyForDeploymentPostprocessing = 0;
		};
/* End PBXFrameworksBuildPhase section */

/* Begin PBXGroup section */
		D10000000000000000000001 = {
			isa = PBXGroup;
			children = (
				D10000000000000000000002 /* ParallaxTrack */,
				D10000000000000000000003 /* Frameworks */,
				D10000000000000000000004 /* Products */,
			);
			sourceTree = "<group>";
		};
		D10000000000000000000002 /* ParallaxTrack */ = {
			isa = PBXGroup;
			children = (
				B10000000000000000000001 /* ParallaxTrackApp.swift */,
				B10000000000000000000002 /* TrackView.swift */,
				B10000000000000000000003 /* TrackerSession.swift */,
				B10000000000000000000004 /* Packet.swift */,
				B10000000000000000000007 /* Info.plist */,
				B10000000000000000000008 /* ParallaxTrack.entitlements */,
			);
			path = ParallaxTrack;
			sourceTree = "<group>";
		};
		D10000000000000000000003 /* Frameworks */ = {
			isa = PBXGroup;
			children = (
				B10000000000000000000005 /* ARKit.framework */,
				B10000000000000000000006 /* SceneKit.framework */,
			);
			name = Frameworks;
			sourceTree = "<group>";
		};
		D10000000000000000000004 /* Products */ = {
			isa = PBXGroup;
			children = (
				B10000000000000000000009 /* ParallaxTrack.app */,
			);
			name = Products;
			sourceTree = "<group>";
		};
/* End PBXGroup section */

/* Begin PBXNativeTarget section */
		E10000000000000000000001 /* ParallaxTrack */ = {
			isa = PBXNativeTarget;
			buildConfigurationList = F10000000000000000000003 /* Build configuration list for PBXNativeTarget "ParallaxTrack" */;
			buildPhases = (
				E10000000000000000000002 /* Sources */,
				C10000000000000000000001 /* Frameworks */,
				E10000000000000000000003 /* Resources */,
			);
			buildRules = (
			);
			dependencies = (
			);
			name = ParallaxTrack;
			productName = ParallaxTrack;
			productReference = B10000000000000000000009 /* ParallaxTrack.app */;
			productType = "com.apple.product-type.application";
		};
/* End PBXNativeTarget section */

/* Begin PBXProject section */
		E10000000000000000000000 /* Project object */ = {
			isa = PBXProject;
			attributes = {
				BuildIndependentTargetsInParallel = 1;
				LastSwiftUpdateCheck = 1600;
				LastUpgradeCheck = 1600;
				TargetAttributes = {
					E10000000000000000000001 = {
						CreatedOnToolsVersion = 16.0;
					};
				};
			};
			buildConfigurationList = F10000000000000000000001 /* Build configuration list for PBXProject "ParallaxTrack" */;
			compatibilityVersion = "Xcode 14.0";
			developmentRegion = de;
			hasScannedForEncodings = 0;
			knownRegions = (
				en,
				de,
				Base,
			);
			mainGroup = D10000000000000000000001;
			productRefGroup = D10000000000000000000004 /* Products */;
			projectDirPath = "";
			projectRoot = "";
			targets = (
				E10000000000000000000001 /* ParallaxTrack */,
			);
		};
/* End PBXProject section */

/* Begin PBXSourcesBuildPhase section */
		E10000000000000000000002 /* Sources */ = {
			isa = PBXSourcesBuildPhase;
			buildActionMask = 2147483647;
			files = (
				A10000000000000000000001 /* ParallaxTrackApp.swift in Sources */,
				A10000000000000000000002 /* TrackView.swift in Sources */,
				A10000000000000000000003 /* TrackerSession.swift in Sources */,
				A10000000000000000000004 /* Packet.swift in Sources */,
			);
			runOnlyForDeploymentPostprocessing = 0;
		};
/* End PBXSourcesBuildPhase section */

/* Begin PBXResourcesBuildPhase section */
		E10000000000000000000003 /* Resources */ = {
			isa = PBXResourcesBuildPhase;
			buildActionMask = 2147483647;
			files = (
			);
			runOnlyForDeploymentPostprocessing = 0;
		};
/* End PBXResourcesBuildPhase section */

/* Begin XCBuildConfiguration section */
		F20000000000000000000001 /* Debug */ = {
			isa = XCBuildConfiguration;
			buildSettings = {
				ALWAYS_SEARCH_USER_PATHS = NO;
				CLANG_CXX_LANGUAGE_STANDARD = "gnu++20";
				CLANG_ENABLE_MODULES = YES;
				CLANG_ENABLE_OBJC_ARC = YES;
				COPY_PHASE_STRIP = NO;
				DEBUG_INFORMATION_FORMAT = dwarf;
				ENABLE_TESTABILITY = YES;
				GCC_DYNAMIC_NO_PIC = NO;
				GCC_OPTIMIZATION_LEVEL = 0;
				IPHONEOS_DEPLOYMENT_TARGET = 17.0;
				MTL_ENABLE_DEBUG_INFO = INCLUDE_SOURCE;
				ONLY_ACTIVE_ARCH = YES;
				SDKROOT = iphoneos;
				SWIFT_ACTIVE_COMPILATION_CONDITIONS = DEBUG;
				SWIFT_OPTIMIZATION_LEVEL = "-Onone";
			};
			name = Debug;
		};
		F20000000000000000000002 /* Release */ = {
			isa = XCBuildConfiguration;
			buildSettings = {
				ALWAYS_SEARCH_USER_PATHS = NO;
				CLANG_CXX_LANGUAGE_STANDARD = "gnu++20";
				CLANG_ENABLE_MODULES = YES;
				CLANG_ENABLE_OBJC_ARC = YES;
				COPY_PHASE_STRIP = NO;
				DEBUG_INFORMATION_FORMAT = "dwarf-with-dsym";
				IPHONEOS_DEPLOYMENT_TARGET = 17.0;
				MTL_ENABLE_DEBUG_INFO = NO;
				SDKROOT = iphoneos;
				SWIFT_COMPILATION_MODE = wholemodule;
				VALIDATE_PRODUCT = YES;
			};
			name = Release;
		};
		F20000000000000000000003 /* Debug */ = {
			isa = XCBuildConfiguration;
			buildSettings = {
				ASSETCATALOG_COMPILER_APPICON_NAME = AppIcon;
				CODE_SIGN_ENTITLEMENTS = ParallaxTrack/ParallaxTrack.entitlements;
				CODE_SIGN_STYLE = Automatic;
				CURRENT_PROJECT_VERSION = 1;
				DEVELOPMENT_TEAM = "";
				ENABLE_PREVIEWS = YES;
				GENERATE_INFOPLIST_FILE = NO;
				INFOPLIST_FILE = ParallaxTrack/Info.plist;
				INFOPLIST_KEY_CFBundleDisplayName = "Parallax Track";
				INFOPLIST_KEY_LSApplicationCategoryType = "public.app-category.utilities";
				INFOPLIST_KEY_UIApplicationSupportsIndirectInputEvents = YES;
				LD_RUNPATH_SEARCH_PATHS = (
					"$(inherited)",
					"@executable_path/Frameworks",
				);
				MARKETING_VERSION = 1.6.0;
				PRODUCT_BUNDLE_IDENTIFIER = dev.parallax.track;
				PRODUCT_NAME = "$(TARGET_NAME)";
				SUPPORTED_PLATFORMS = "iphoneos iphonesimulator";
				SUPPORTS_MACCATALYST = NO;
				SWIFT_EMIT_LOC_STRINGS = YES;
				SWIFT_VERSION = 5.0;
				TARGETED_DEVICE_FAMILY = 1;
			};
			name = Debug;
		};
		F20000000000000000000004 /* Release */ = {
			isa = XCBuildConfiguration;
			buildSettings = {
				ASSETCATALOG_COMPILER_APPICON_NAME = AppIcon;
				CODE_SIGN_ENTITLEMENTS = ParallaxTrack/ParallaxTrack.entitlements;
				CODE_SIGN_STYLE = Automatic;
				CURRENT_PROJECT_VERSION = 1;
				DEVELOPMENT_TEAM = "";
				ENABLE_PREVIEWS = YES;
				GENERATE_INFOPLIST_FILE = NO;
				INFOPLIST_FILE = ParallaxTrack/Info.plist;
				INFOPLIST_KEY_CFBundleDisplayName = "Parallax Track";
				INFOPLIST_KEY_LSApplicationCategoryType = "public.app-category.utilities";
				INFOPLIST_KEY_UIApplicationSupportsIndirectInputEvents = YES;
				LD_RUNPATH_SEARCH_PATHS = (
					"$(inherited)",
					"@executable_path/Frameworks",
				);
				MARKETING_VERSION = 1.6.0;
				PRODUCT_BUNDLE_IDENTIFIER = dev.parallax.track;
				PRODUCT_NAME = "$(TARGET_NAME)";
				SUPPORTED_PLATFORMS = "iphoneos iphonesimulator";
				SUPPORTS_MACCATALYST = NO;
				SWIFT_EMIT_LOC_STRINGS = YES;
				SWIFT_VERSION = 5.0;
				TARGETED_DEVICE_FAMILY = 1;
			};
			name = Release;
		};
/* End XCBuildConfiguration section */

/* Begin XCConfigurationList section */
		F10000000000000000000001 /* Build configuration list for PBXProject "ParallaxTrack" */ = {
			isa = XCConfigurationList;
			buildConfigurations = (
				F20000000000000000000001 /* Debug */,
				F20000000000000000000002 /* Release */,
			);
			defaultConfigurationIsVisible = 0;
			defaultConfigurationName = Release;
		};
		F10000000000000000000003 /* Build configuration list for PBXNativeTarget "ParallaxTrack" */ = {
			isa = XCConfigurationList;
			buildConfigurations = (
				F20000000000000000000003 /* Debug */,
				F20000000000000000000004 /* Release */,
			);
			defaultConfigurationIsVisible = 0;
			defaultConfigurationName = Release;
		};
/* End XCConfigurationList section */
	};
	rootObject = E10000000000000000000000 /* Project object */;
}
